
Microsoft Visual Studio Solution File, Format Version 11.00
# Visual Studio 2010
Project("{8BC9CEB8-8B4A-11D0-8D11-00A0C91BC942}") = "SimpleRPG", "SimpleRPG\SimpleRPG.vcxproj", "{7E16CC22-E681-4D13-BCEC-72471FA5E6DA}"
EndProject
Project("{FAE04EC0-301F-11D3-BF4B-00C04F79EFBC}") = "SimpleRPGMapEditor", "SimpleRPGMapEditor\SimpleRPGMapEditor.csproj", "{461A96BA-3A24-4663-B87E-4B8F735A226A}"
EndProject
Project("{FAE04EC0-301F-11D3-BF4B-00C04F79EFBC}") = "SimpleRPGAnalyser", "SimpleRPGAnalyser\SimpleRPGAnalyser.csproj", "{ECE31ACA-1B64-43E3-A006-0E1D6C573CD7}"
EndProject
Global
	GlobalSection(SolutionConfigurationPlatforms) = preSolution
		Debug|Mixed Platforms = Debug|Mixed Platforms
		Debug|Win32 = Debug|Win32
		Debug|x86 = Debug|x86
		DebugBroken|Mixed Platforms = DebugBroken|Mixed Platforms
		DebugBroken|Win32 = DebugBroken|Win32
		DebugBroken|x86 = DebugBroken|x86
		Release|Mixed Platforms = Release|Mixed Platforms
		Release|Win32 = Release|Win32
		Release|x86 = Release|x86
	EndGlobalSection
	GlobalSection(ProjectConfigurationPlatforms) = postSolution
		{7E16CC22-E681-4D13-BCEC-72471FA5E6DA}.Debug|Mixed Platforms.ActiveCfg = Debug|Win32
		{7E16CC22-E681-4D13-BCEC-72471FA5E6DA}.Debug|Mixed Platforms.Build.0 = Debug|Win32
		{7E16CC22-E681-4D13-BCEC-72471FA5E6DA}.Debug|Win32.ActiveCfg = Debug|Win32
		{7E16CC22-E681-4D13-BCEC-72471FA5E6DA}.Debug|Win32.Build.0 = Debug|Win32
		{7E16CC22-E681-4D13-BCEC-72471FA5E6DA}.Debug|x86.ActiveCfg = Debug|Win32
		{7E16CC22-E681-4D13-BCEC-72471FA5E6DA}.DebugBroken|Mixed Platforms.ActiveCfg = DebugBroken|Win32
		{7E16CC22-E681-4D13-BCEC-72471FA5E6DA}.DebugBroken|Mixed Platforms.Build.0 = DebugBroken|Win32
		{7E16CC22-E681-4D13-BCEC-72471FA5E6DA}.DebugBroken|Win32.ActiveCfg = DebugBroken|Win32
		{7E16CC22-E681-4D13-BCEC-72471FA5E6DA}.DebugBroken|Win32.Build.0 = DebugBroken|Win32
		{7E16CC22-E681-4D13-BCEC-72471FA5E6DA}.DebugBroken|x86.ActiveCfg = DebugBroken|Win32
		{7E16CC22-E681-4D13-BCEC-72471FA5E6DA}.Release|Mixed Platforms.ActiveCfg = Release|Win32
		{7E16CC22-E681-4D13-BCEC-72471FA5E6DA}.Release|Mixed Platforms.Build.0 = Release|Win32
		{7E16CC22-E681-4D13-BCEC-72471FA5E6DA}.Release|Win32.ActiveCfg = Release|Win32
		{7E16CC22-E681-4D13-BCEC-72471FA5E6DA}.Release|Win32.Build.0 = Release|Win32
		{7E16CC22-E681-4D13-BCEC-72471FA5E6DA}.Release|x86.ActiveCfg = Release|Win32
		{461A96BA-3A24-4663-B87E-4B8F735A226A}.Debug|Mixed Platforms.ActiveCfg = Debug|x86
		{461A96BA-3A24-4663-B87E-4B8F735A226A}.Debug|Mixed Platforms.Build.0 = Debug|x86
		{461A96BA-3A24-4663-B87E-4B8F735A226A}.Debug|Win32.ActiveCfg = Debug|x86
		{461A96BA-3A24-4663-B87E-4B8F735A226A}.Debug|x86.ActiveCfg = Debug|x86
		{461A96BA-3A24-4663-B87E-4B8F735A226A}.Debug|x86.Build.0 = Debug|x86
		{461A96BA-3A24-4663-B87E-4B8F735A226A}.DebugBroken|Mixed Platforms.ActiveCfg = Debug|x86
		{461A96BA-3A24-4663-B87E-4B8F735A226A}.DebugBroken|Mixed Platforms.Build.0 = Debug|x86
		{461A96BA-3A24-4663-B87E-4B8F735A226A}.DebugBroken|Win32.ActiveCfg = Debug|x86
		{461A96BA-3A24-4663-B87E-4B8F735A226A}.DebugBroken|x86.ActiveCfg = Debug|x86
		{461A96BA-3A24-4663-B87E-4B8F735A226A}.DebugBroken|x86.Build.0 = Debug|x86
		{461A96BA-3A24-4663-B87E-4B8F735A226A}.Release|Mixed Platforms.ActiveCfg = Release|x86
		{461A96BA-3A24-4663-B87E-4B8F735A226A}.Release|Mixed Platforms.Build.0 = Release|x86
		{461A96BA-3A24-4663-B87E-4B8F735A226A}.Release|Win32.ActiveCfg = Release|x86
		{461A96BA-3A24-4663-B87E-4B8F735A226A}.Release|x86.ActiveCfg = Release|x86
		{461A96BA-3A24-4663-B87E-4B8F735A226A}.Release|x86.Build.0 = Release|x86
		{ECE31ACA-1B64-43E3-A006-0E1D6C573CD7}.Debug|Mixed Platforms.ActiveCfg = Debug|x86
		{ECE31ACA-1B64-43E3-A006-0E1D6C573CD7}.Debug|Mixed Platforms.Build.0 = Debug|x86
		{ECE31ACA-1B64-43E3-A006-0E1D6C573CD7}.Debug|Win32.ActiveCfg = Debug|x86
		{ECE31ACA-1B64-43E3-A006-0E1D6C573CD7}.Debug|x86.ActiveCfg = Debug|x86
		{ECE31ACA-1B64-43E3-A006-0E1D6C573CD7}.Debug|x86.Build.0 = Debug|x86
		{ECE31ACA-1B64-43E3-A006-0E1D6C573CD7}.DebugBroken|Mixed Platforms.ActiveCfg = Debug|x86
		{ECE31ACA-1B64-43E3-A006-0E1D6C573CD7}.DebugBroken|Mixed Platforms.Build.0 = Debug|x86
		{ECE31ACA-1B64-43E3-A006-0E1D6C573CD7}.DebugBroken|Win32.ActiveCfg = Debug|x86
		{ECE31ACA-1B64-43E3-A006-0E1D6C573CD7}.DebugBroken|x86.ActiveCfg = Debug|x86
		{ECE31ACA-1B64-43E3-A006-0E1D6C573CD7}.DebugBroken|x86.Build.0 = Debug|x86
		{ECE31ACA-1B64-43E3-A006-0E1D6C573CD7}.Release|Mixed Platforms.ActiveCfg = Release|x86
		{ECE31ACA-1B64-43E3-A006-0E1D6C573CD7}.Release|Mixed Platforms.Build.0 = Release|x86
		{ECE31ACA-1B64-43E3-A006-0E1D6C573CD7}.Release|Win32.ActiveCfg = Release|x86
		{ECE31ACA-1B64-43E3-A006-0E1D6C573CD7}.Release|x86.ActiveCfg = Release|x86
		{ECE31ACA-1B64-43E3-A006-0E1D6C573CD7}.Release|x86.Build.0 = Release|x86
	EndGlobalSection
	GlobalSection(SolutionProperties) = preSolution
		HideSolutionNode = FALSE
	EndGlobalSection
EndGlobal
